
Microsoft Visual Studio Solution File, Format Version 12.00
# Visual Studio Version 17
VisualStudioVersion = 17.0.31912.275
MinimumVisualStudioVersion = 10.0.40219.1
Project("{F184B08F-C81C-45F6-A57F-5ABD9991F28F}") = "SynthLip", "SynthLip.vbproj", "{75B170DD-881F-461B-8376-E359576F930E}"
EndProject
Global
	GlobalSection(SolutionConfigurationPlatforms) = preSolution
		Debug|Any CPU = Debug|Any CPU
		Release|Any CPU = Release|Any CPU
	EndGlobalSection
	GlobalSection(ProjectConfigurationPlatforms) = postSolution
		{75B170DD-881F-461B-8376-E359576F930E}.Debug|Any CPU.ActiveCfg = Debug|Any CPU
		{75B170DD-881F-461B-8376-E359576F930E}.Debug|Any CPU.Build.0 = Debug|Any CPU
		{75B170DD-881F-461B-8376-E359576F930E}.Release|Any CPU.ActiveCfg = Release|Any CPU
		{75B170DD-881F-461B-8376-E359576F930E}.Release|Any CPU.Build.0 = Release|Any CPU
	EndGlobalSection
	GlobalSection(SolutionProperties) = preSolution
		HideSolutionNode = FALSE
	EndGlobalSection
	GlobalSection(ExtensibilityGlobals) = postSolution
		SolutionGuid = {D0E4A0C0-1F7D-4836-B3D7-392412275FC5}
	EndGlobalSection
EndGlobal
